
Microsoft Visual Studio Solution File, Format Version 12.00
# Visual Studio Version 16
VisualStudioVersion = 16.0.32106.194
MinimumVisualStudioVersion = 10.0.40219.1
Project("{FAE04EC0-301F-11D3-BF4B-00C04F79EFBC}") = "HospitalDatabase", "HospitalDatabase\HospitalDatabase.csproj", "{4350F902-487A-4B3D-9FE1-909B8AA991FF}"
EndProject
Project("{FAE04EC0-301F-11D3-BF4B-00C04F79EFBC}") = "SalesDatabase", "SalesDatabase\SalesDatabase.csproj", "{CE4A1BC3-BD10-4189-9791-99C67B066B4C}"
EndProject
Global
	GlobalSection(SolutionConfigurationPlatforms) = preSolution
		Debug|Any CPU = Debug|Any CPU
		Release|Any CPU = Release|Any CPU
	EndGlobalSection
	GlobalSection(ProjectConfigurationPlatforms) = postSolution
		{4350F902-487A-4B3D-9FE1-909B8AA991FF}.Debug|Any CPU.ActiveCfg = Debug|Any CPU
		{4350F902-487A-4B3D-9FE1-909B8AA991FF}.Debug|Any CPU.Build.0 = Debug|Any CPU
		{4350F902-487A-4B3D-9FE1-909B8AA991FF}.Release|Any CPU.ActiveCfg = Release|Any CPU
		{4350F902-487A-4B3D-9FE1-909B8AA991FF}.Release|Any CPU.Build.0 = Release|Any CPU
		{CE4A1BC3-BD10-4189-9791-99C67B066B4C}.Debug|Any CPU.ActiveCfg = Debug|Any CPU
		{CE4A1BC3-BD10-4189-9791-99C67B066B4C}.Debug|Any CPU.Build.0 = Debug|Any CPU
		{CE4A1BC3-BD10-4189-9791-99C67B066B4C}.Release|Any CPU.ActiveCfg = Release|Any CPU
		{CE4A1BC3-BD10-4189-9791-99C67B066B4C}.Release|Any CPU.Build.0 = Release|Any CPU
	EndGlobalSection
	GlobalSection(SolutionProperties) = preSolution
		HideSolutionNode = FALSE
	EndGlobalSection
	GlobalSection(ExtensibilityGlobals) = postSolution
		SolutionGuid = {337F00AF-6330-467D-9DCD-239573789FFC}
	EndGlobalSection
EndGlobal
